
Microsoft Visual Studio Solution File, Format Version 12.00
# Visual Studio Version 17
VisualStudioVersion = 17.2.32630.192
MinimumVisualStudioVersion = 10.0.40219.1
Project("{9A19103F-16F7-4668-BE54-9A1E7A4F7556}") = "DDD_User_Story_1", "DDD_User_Story_1\DDD_User_Story_1.csproj", "{2D759A80-58E8-43B6-8C0B-44364DDEE248}"
EndProject
Global
	GlobalSection(SolutionConfigurationPlatforms) = preSolution
		Debug|Any CPU = Debug|Any CPU
		Release|Any CPU = Release|Any CPU
	EndGlobalSection
	GlobalSection(ProjectConfigurationPlatforms) = postSolution
		{2D759A80-58E8-43B6-8C0B-44364DDEE248}.Debug|Any CPU.ActiveCfg = Debug|Any CPU
		{2D759A80-58E8-43B6-8C0B-44364DDEE248}.Debug|Any CPU.Build.0 = Debug|Any CPU
		{2D759A80-58E8-43B6-8C0B-44364DDEE248}.Release|Any CPU.ActiveCfg = Release|Any CPU
		{2D759A80-58E8-43B6-8C0B-44364DDEE248}.Release|Any CPU.Build.0 = Release|Any CPU
	EndGlobalSection
	GlobalSection(SolutionProperties) = preSolution
		HideSolutionNode = FALSE
	EndGlobalSection
	GlobalSection(ExtensibilityGlobals) = postSolution
		SolutionGuid = {41522C23-CBA9-4485-B6BB-16CB9CA27B09}
	EndGlobalSection
EndGlobal
